
Microsoft Visual Studio Solution File, Format Version 12.00
# Visual Studio 15
VisualStudioVersion = 15.0.28307.329
MinimumVisualStudioVersion = 10.0.40219.1
Project("{FAE04EC0-301F-11D3-BF4B-00C04F79EFBC}") = "Rebar", "Rebar\Rebar.csproj", "{4FACFB94-CFC5-4585-99EA-88B3869EAD83}"
EndProject
Project("{FAE04EC0-301F-11D3-BF4B-00C04F79EFBC}") = "Tests.Rebar", "Tests.Rebar\Tests.Rebar\Tests.Rebar.csproj", "{5A351B43-DF4C-4705-86B5-2ED8C5E0D80A}"
EndProject
Global
	GlobalSection(SolutionConfigurationPlatforms) = preSolution
		Debug|Any CPU = Debug|Any CPU
		Release|Any CPU = Release|Any CPU
	EndGlobalSection
	GlobalSection(ProjectConfigurationPlatforms) = postSolution
		{4FACFB94-CFC5-4585-99EA-88B3869EAD83}.Debug|Any CPU.ActiveCfg = Debug|Any CPU
		{4FACFB94-CFC5-4585-99EA-88B3869EAD83}.Debug|Any CPU.Build.0 = Debug|Any CPU
		{4FACFB94-CFC5-4585-99EA-88B3869EAD83}.Release|Any CPU.ActiveCfg = Release|Any CPU
		{4FACFB94-CFC5-4585-99EA-88B3869EAD83}.Release|Any CPU.Build.0 = Release|Any CPU
		{5A351B43-DF4C-4705-86B5-2ED8C5E0D80A}.Debug|Any CPU.ActiveCfg = Debug|Any CPU
		{5A351B43-DF4C-4705-86B5-2ED8C5E0D80A}.Debug|Any CPU.Build.0 = Debug|Any CPU
		{5A351B43-DF4C-4705-86B5-2ED8C5E0D80A}.Release|Any CPU.ActiveCfg = Release|Any CPU
		{5A351B43-DF4C-4705-86B5-2ED8C5E0D80A}.Release|Any CPU.Build.0 = Release|Any CPU
	EndGlobalSection
	GlobalSection(SolutionProperties) = preSolution
		HideSolutionNode = FALSE
	EndGlobalSection
	GlobalSection(ExtensibilityGlobals) = postSolution
		SolutionGuid = {A086F1D6-A22E-495C-84B3-9526CEC3E9C3}
	EndGlobalSection
EndGlobal
